
Microsoft Visual Studio Solution File, Format Version 12.00
# Visual Studio Version 17
VisualStudioVersion = 17.14.36202.13 d17.14
MinimumVisualStudioVersion = 10.0.40219.1
Project("{FAE04EC0-301F-11D3-BF4B-00C04F79EFBC}") = "WebApplication2", "WebApplication2\WebApplication2.csproj", "{08763BDC-F3D2-4104-8FE0-A375E2EC100F}"
EndProject
Global
	GlobalSection(SolutionConfigurationPlatforms) = preSolution
		Debug|Any CPU = Debug|Any CPU
		Release|Any CPU = Release|Any CPU
	EndGlobalSection
	GlobalSection(ProjectConfigurationPlatforms) = postSolution
		{08763BDC-F3D2-4104-8FE0-A375E2EC100F}.Debug|Any CPU.ActiveCfg = Debug|Any CPU
		{08763BDC-F3D2-4104-8FE0-A375E2EC100F}.Debug|Any CPU.Build.0 = Debug|Any CPU
		{08763BDC-F3D2-4104-8FE0-A375E2EC100F}.Release|Any CPU.ActiveCfg = Release|Any CPU
		{08763BDC-F3D2-4104-8FE0-A375E2EC100F}.Release|Any CPU.Build.0 = Release|Any CPU
	EndGlobalSection
	GlobalSection(SolutionProperties) = preSolution
		HideSolutionNode = FALSE
	EndGlobalSection
	GlobalSection(ExtensibilityGlobals) = postSolution
		SolutionGuid = {C33F4E88-2FB1-4987-854C-696C3D2EBE70}
	EndGlobalSection
EndGlobal
